<?xml version="1.0" encoding="utf-8"?>
<Project ToolsVersion="4.0" xmlns="http://schemas.microsoft.com/developer/msbuild/2003">
  <ItemGroup>
    <Filter Include="Source Files">
      <UniqueIdentifier>{4FC737F1-C7A5-4376-A066-2A32D752A2FF}</UniqueIdentifier>
      <Extensions>cpp;c;cc;cxx;def;odl;idl;hpj;bat;asm;asmx</Extensions>
    </Filter>
    <Filter Include="Header Files">
      <UniqueIdentifier>{93995380-89BD-4b04-88EB-625FBE52EBFB}</UniqueIdentifier>
      <Extensions>h;hh;hpp;hxx;hm;inl;inc;xsd</Extensions>
    </Filter>
    <Filter Include="Resource Files">
      <UniqueIdentifier>{67DA6AB6-F800-4c08-8B7A-83BB121AAD01}</UniqueIdentifier>
      <Extensions>rc;ico;cur;bmp;dlg;rc2;rct;bin;rgs;gif;jpg;jpeg;jpe;resx;tiff;tif;png;wav</Extensions>
    </Filter>
    <Filter Include="Header Files\Array">
      <UniqueIdentifier>{4486833a-a758-474f-86ef-793fc9975e67}</UniqueIdentifier>
    </Filter>
  </ItemGroup>
  <ItemGroup>
    <ClCompile Include="..\01_Array&amp;Vector\01_Src\Array_1.cpp">
      <Filter>Source Files</Filter>
    </ClCompile>
    <ClCompile Include="..\01_Array&amp;Vector\01_Src\Vector.cpp">
      <Filter>Source Files</Filter>
    </ClCompile>
    <ClCompile Include="..\Operator\Operator.cpp">
      <Filter>Source Files</Filter>
    </ClCompile>
    <ClCompile Include="..\Main.cpp" />
    <ClCompile Include="..\Functor.cpp">
      <Filter>Source Files</Filter>
    </ClCompile>
    <ClCompile Include="..\Inheritance.cpp">
      <Filter>Source Files</Filter>
    </ClCompile>
    <ClCompile Include="..\runTimePolymorphism.cpp">
      <Filter>Source Files</Filter>
    </ClCompile>
    <ClCompile Include="..\AbstractClass.cpp">
      <Filter>Source Files</Filter>
    </ClCompile>
    <ClCompile Include="..\Game\guessGame.cpp">
      <Filter>Source Files</Filter>
    </ClCompile>
  </ItemGroup>
  <ItemGroup>
    <ClInclude Include="..\Operator\Operator.h">
      <Filter>Header Files</Filter>
    </ClInclude>
    <ClInclude Include="Functor.h">
      <Filter>Header Files</Filter>
    </ClInclude>
    <ClInclude Include="Inheritance.h">
      <Filter>Header Files</Filter>
    </ClInclude>
    <ClInclude Include="runTimePolymorphism.h">
      <Filter>Header Files</Filter>
    </ClInclude>
    <ClInclude Include="AbstractClass.h">
      <Filter>Header Files</Filter>
    </ClInclude>
    <ClInclude Include="guessGame.h">
      <Filter>Header Files</Filter>
    </ClInclude>
    <ClInclude Include="..\01_Array&amp;Vector\02_Headers\Array_1.h">
      <Filter>Header Files\Array</Filter>
    </ClInclude>
  </ItemGroup>
  <ItemGroup>
    <None Include="..\01_Array&amp;Vector\Array&amp;Vector.md" />
    <None Include="..\README.md" />
  </ItemGroup>
</Project>